
Microsoft Visual Studio Solution File, Format Version 12.00
# Visual Studio Version 17
VisualStudioVersion = 17.6.33829.357
MinimumVisualStudioVersion = 10.0.40219.1
Project("{FAE04EC0-301F-11D3-BF4B-00C04F79EFBC}") = "Microservices", "Microservices\Microservices.csproj", "{764AEFCA-1C69-43D5-A98F-4AD1563E24B3}"
EndProject
Project("{FAE04EC0-301F-11D3-BF4B-00C04F79EFBC}") = "Microservicec.API.infrastructure", "Microservicec.API.infrastructure\Microservicec.API.infrastructure.csproj", "{FB3A2161-9C87-476F-901B-72CB908C3F5D}"
EndProject
Project("{FAE04EC0-301F-11D3-BF4B-00C04F79EFBC}") = "Micriservices.API.Models", "Micriservices.API.Models\Micriservices.API.Models.csproj", "{DF9F5B1A-4521-400B-B39D-6F20C95C27D1}"
EndProject
Project("{FAE04EC0-301F-11D3-BF4B-00C04F79EFBC}") = "Microservices.API.Services", "Microservices.API.Services\Microservices.API.Services.csproj", "{65173BAC-8BEE-499D-9647-F5EB02E86291}"
EndProject
Global
	GlobalSection(SolutionConfigurationPlatforms) = preSolution
		Debug|Any CPU = Debug|Any CPU
		Release|Any CPU = Release|Any CPU
	EndGlobalSection
	GlobalSection(ProjectConfigurationPlatforms) = postSolution
		{764AEFCA-1C69-43D5-A98F-4AD1563E24B3}.Debug|Any CPU.ActiveCfg = Debug|Any CPU
		{764AEFCA-1C69-43D5-A98F-4AD1563E24B3}.Debug|Any CPU.Build.0 = Debug|Any CPU
		{764AEFCA-1C69-43D5-A98F-4AD1563E24B3}.Release|Any CPU.ActiveCfg = Release|Any CPU
		{764AEFCA-1C69-43D5-A98F-4AD1563E24B3}.Release|Any CPU.Build.0 = Release|Any CPU
		{FB3A2161-9C87-476F-901B-72CB908C3F5D}.Debug|Any CPU.ActiveCfg = Debug|Any CPU
		{FB3A2161-9C87-476F-901B-72CB908C3F5D}.Debug|Any CPU.Build.0 = Debug|Any CPU
		{FB3A2161-9C87-476F-901B-72CB908C3F5D}.Release|Any CPU.ActiveCfg = Release|Any CPU
		{FB3A2161-9C87-476F-901B-72CB908C3F5D}.Release|Any CPU.Build.0 = Release|Any CPU
		{DF9F5B1A-4521-400B-B39D-6F20C95C27D1}.Debug|Any CPU.ActiveCfg = Debug|Any CPU
		{DF9F5B1A-4521-400B-B39D-6F20C95C27D1}.Debug|Any CPU.Build.0 = Debug|Any CPU
		{DF9F5B1A-4521-400B-B39D-6F20C95C27D1}.Release|Any CPU.ActiveCfg = Release|Any CPU
		{DF9F5B1A-4521-400B-B39D-6F20C95C27D1}.Release|Any CPU.Build.0 = Release|Any CPU
		{65173BAC-8BEE-499D-9647-F5EB02E86291}.Debug|Any CPU.ActiveCfg = Debug|Any CPU
		{65173BAC-8BEE-499D-9647-F5EB02E86291}.Debug|Any CPU.Build.0 = Debug|Any CPU
		{65173BAC-8BEE-499D-9647-F5EB02E86291}.Release|Any CPU.ActiveCfg = Release|Any CPU
		{65173BAC-8BEE-499D-9647-F5EB02E86291}.Release|Any CPU.Build.0 = Release|Any CPU
	EndGlobalSection
	GlobalSection(SolutionProperties) = preSolution
		HideSolutionNode = FALSE
	EndGlobalSection
	GlobalSection(ExtensibilityGlobals) = postSolution
		SolutionGuid = {682ADC9E-DBD3-4616-9799-36B3D7A91B35}
	EndGlobalSection
EndGlobal
